
Microsoft Visual Studio Solution File, Format Version 12.00
# Visual Studio Version 17
VisualStudioVersion = 17.0.31903.59
MinimumVisualStudioVersion = 10.0.40219.1
Project("{9A19103F-16F7-4668-BE54-9A1E7A4F7556}") = "DBot.Console", "Dbot.Console\DBot.Console.csproj", "{5F38A40F-AFB7-44FA-8CAC-2E938F8BB103}"
EndProject
Project("{9A19103F-16F7-4668-BE54-9A1E7A4F7556}") = "DBot", "DBot\DBot.csproj", "{B2B9859A-4859-41C1-B2AD-35B4F28305A5}"
EndProject
Project("{9A19103F-16F7-4668-BE54-9A1E7A4F7556}") = "DBot.Shared", "DBot.Shared\DBot.Shared.csproj", "{FC65F4AC-D2DA-492C-A50B-B5A187ED447F}"
EndProject
Project("{2150E333-8FDC-42A3-9474-1A3956D46DE8}") = "Solution Items", "Solution Items", "{7F901585-99F2-4C6D-A140-7CDA7EFDA4B4}"
	ProjectSection(SolutionItems) = preProject
		Dockerfile = Dockerfile
	EndProjectSection
EndProject
Global
	GlobalSection(SolutionConfigurationPlatforms) = preSolution
		Debug|Any CPU = Debug|Any CPU
		Release|Any CPU = Release|Any CPU
	EndGlobalSection
	GlobalSection(ProjectConfigurationPlatforms) = postSolution
		{5F38A40F-AFB7-44FA-8CAC-2E938F8BB103}.Debug|Any CPU.ActiveCfg = Debug|Any CPU
		{5F38A40F-AFB7-44FA-8CAC-2E938F8BB103}.Debug|Any CPU.Build.0 = Debug|Any CPU
		{5F38A40F-AFB7-44FA-8CAC-2E938F8BB103}.Release|Any CPU.ActiveCfg = Release|Any CPU
		{5F38A40F-AFB7-44FA-8CAC-2E938F8BB103}.Release|Any CPU.Build.0 = Release|Any CPU
		{B2B9859A-4859-41C1-B2AD-35B4F28305A5}.Debug|Any CPU.ActiveCfg = Debug|Any CPU
		{B2B9859A-4859-41C1-B2AD-35B4F28305A5}.Debug|Any CPU.Build.0 = Debug|Any CPU
		{B2B9859A-4859-41C1-B2AD-35B4F28305A5}.Release|Any CPU.ActiveCfg = Release|Any CPU
		{B2B9859A-4859-41C1-B2AD-35B4F28305A5}.Release|Any CPU.Build.0 = Release|Any CPU
		{FC65F4AC-D2DA-492C-A50B-B5A187ED447F}.Debug|Any CPU.ActiveCfg = Debug|Any CPU
		{FC65F4AC-D2DA-492C-A50B-B5A187ED447F}.Debug|Any CPU.Build.0 = Debug|Any CPU
		{FC65F4AC-D2DA-492C-A50B-B5A187ED447F}.Release|Any CPU.ActiveCfg = Release|Any CPU
		{FC65F4AC-D2DA-492C-A50B-B5A187ED447F}.Release|Any CPU.Build.0 = Release|Any CPU
	EndGlobalSection
	GlobalSection(SolutionProperties) = preSolution
		HideSolutionNode = FALSE
	EndGlobalSection
	GlobalSection(ExtensibilityGlobals) = postSolution
		SolutionGuid = {746CA95F-7B52-46EA-AD41-EEA7FDA2AE2B}
	EndGlobalSection
EndGlobal
